// !$*UTF8*$!
{
	archiveVersion = 1;
	classes = {
	};
	objectVersion = 77;
	objects = {

/* Begin PBXBuildFile section */
		908B24A62DDF90C400F021D7 /* FirebaseAI in Frameworks */ = {isa = PBXBuildFile; productRef = 908B24A52DDF90C400F021D7 /* FirebaseAI */; };
		908B24A82DDF90C400F021D7 /* FirebaseAnalytics in Frameworks */ = {isa = PBXBuildFile; productRef = 908B24A72DDF90C400F021D7 /* FirebaseAnalytics */; };
		908B24AA2DDF90C400F021D7 /* FirebaseAnalyticsOnDeviceConversion in Frameworks */ = {isa = PBXBuildFile; productRef = 908B24A92DDF90C400F021D7 /* FirebaseAnalyticsOnDeviceConversion */; };
		908B24AC2DDF90C400F021D7 /* FirebaseAnalyticsWithoutAdIdSupport in Frameworks */ = {isa = PBXBuildFile; productRef = 908B24AB2DDF90C400F021D7 /* FirebaseAnalyticsWithoutAdIdSupport */; };
		908B24AE2DDF90C400F021D7 /* FirebaseAppCheck in Frameworks */ = {isa = PBXBuildFile; productRef = 908B24AD2DDF90C400F021D7 /* FirebaseAppCheck */; };
/* End PBXBuildFile section */

/* Begin PBXContainerItemProxy section */
		90C4EB382DDE7DA8003CE9BF /* PBXContainerItemProxy */ = {
			isa = PBXContainerItemProxy;
			containerPortal = 90C4EB222DDE7DA7003CE9BF /* Project object */;
			proxyType = 1;
			remoteGlobalIDString = 90C4EB292DDE7DA7003CE9BF;
			remoteInfo = "Lab Tracking";
		};
		90C4EB422DDE7DA8003CE9BF /* PBXContainerItemProxy */ = {
			isa = PBXContainerItemProxy;
			containerPortal = 90C4EB222DDE7DA7003CE9BF /* Project object */;
			proxyType = 1;
			remoteGlobalIDString = 90C4EB292DDE7DA7003CE9BF;
			remoteInfo = "Lab Tracking";
		};
/* End PBXContainerItemProxy section */

/* Begin PBXFileReference section */
		90C4EB2A2DDE7DA7003CE9BF /* Lab Tracking.app */ = {isa = PBXFileReference; explicitFileType = wrapper.application; includeInIndex = 0; path = "Lab Tracking.app"; sourceTree = BUILT_PRODUCTS_DIR; };
		90C4EB372DDE7DA8003CE9BF /* Lab TrackingTests.xctest */ = {isa = PBXFileReference; explicitFileType = wrapper.cfbundle; includeInIndex = 0; path = "Lab TrackingTests.xctest"; sourceTree = BUILT_PRODUCTS_DIR; };
		90C4EB412DDE7DA8003CE9BF /* Lab TrackingUITests.xctest */ = {isa = PBXFileReference; explicitFileType = wrapper.cfbundle; includeInIndex = 0; path = "Lab TrackingUITests.xctest"; sourceTree = BUILT_PRODUCTS_DIR; };
/* End PBXFileReference section */

/* Begin PBXFileSystemSynchronizedRootGroup section */
		90C4EB2C2DDE7DA7003CE9BF /* Lab Tracking */ = {
			isa = PBXFileSystemSynchronizedRootGroup;
			path = "Lab Tracking";
			sourceTree = "<group>";
		};
		90C4EB3A2DDE7DA8003CE9BF /* Lab TrackingTests */ = {
			isa = PBXFileSystemSynchronizedRootGroup;
			path = "Lab TrackingTests";
			sourceTree = "<group>";
		};
		90C4EB442DDE7DA8003CE9BF /* Lab TrackingUITests */ = {
			isa = PBXFileSystemSynchronizedRootGroup;
			path = "Lab TrackingUITests";
			sourceTree = "<group>";
		};
/* End PBXFileSystemSynchronizedRootGroup section */

/* Begin PBXFrameworksBuildPhase section */
		90C4EB272DDE7DA7003CE9BF /* Frameworks */ = {
			isa = PBXFrameworksBuildPhase;
			buildActionMask = 2147483647;
			files = (
				908B24A82DDF90C400F021D7 /* FirebaseAnalytics in Frameworks */,
				908B24AA2DDF90C400F021D7 /* FirebaseAnalyticsOnDeviceConversion in Frameworks */,
				908B24A62DDF90C400F021D7 /* FirebaseAI in Frameworks */,
				908B24AE2DDF90C400F021D7 /* FirebaseAppCheck in Frameworks */,
				908B24AC2DDF90C400F021D7 /* FirebaseAnalyticsWithoutAdIdSupport in Frameworks */,
			);
			runOnlyForDeploymentPostprocessing = 0;
		};
		90C4EB342DDE7DA8003CE9BF /* Frameworks */ = {
			isa = PBXFrameworksBuildPhase;
			buildActionMask = 2147483647;
			files = (
			);
			runOnlyForDeploymentPostprocessing = 0;
		};
		90C4EB3E2DDE7DA8003CE9BF /* Frameworks */ = {
			isa = PBXFrameworksBuildPhase;
			buildActionMask = 2147483647;
			files = (
			);
			runOnlyForDeploymentPostprocessing = 0;
		};
/* End PBXFrameworksBuildPhase section */

/* Begin PBXGroup section */
		90C4EB212DDE7DA7003CE9BF = {
			isa = PBXGroup;
			children = (
				90C4EB2C2DDE7DA7003CE9BF /* Lab Tracking */,
				90C4EB3A2DDE7DA8003CE9BF /* Lab TrackingTests */,
				90C4EB442DDE7DA8003CE9BF /* Lab TrackingUITests */,
				90C4EB2B2DDE7DA7003CE9BF /* Products */,
			);
			sourceTree = "<group>";
		};
		90C4EB2B2DDE7DA7003CE9BF /* Products */ = {
			isa = PBXGroup;
			children = (
				90C4EB2A2DDE7DA7003CE9BF /* Lab Tracking.app */,
				90C4EB372DDE7DA8003CE9BF /* Lab TrackingTests.xctest */,
				90C4EB412DDE7DA8003CE9BF /* Lab TrackingUITests.xctest */,
			);
			name = Products;
			sourceTree = "<group>";
		};
/* End PBXGroup section */

/* Begin PBXNativeTarget section */
		90C4EB292DDE7DA7003CE9BF /* Lab Tracking */ = {
			isa = PBXNativeTarget;
			buildConfigurationList = 90C4EB4B2DDE7DA8003CE9BF /* Build configuration list for PBXNativeTarget "Lab Tracking" */;
			buildPhases = (
				90C4EB262DDE7DA7003CE9BF /* Sources */,
				90C4EB272DDE7DA7003CE9BF /* Frameworks */,
				90C4EB282DDE7DA7003CE9BF /* Resources */,
			);
			buildRules = (
			);
			dependencies = (
			);
			fileSystemSynchronizedGroups = (
				90C4EB2C2DDE7DA7003CE9BF /* Lab Tracking */,
			);
			name = "Lab Tracking";
			packageProductDependencies = (
				908B24A52DDF90C400F021D7 /* FirebaseAI */,
				908B24A72DDF90C400F021D7 /* FirebaseAnalytics */,
				908B24A92DDF90C400F021D7 /* FirebaseAnalyticsOnDeviceConversion */,
				908B24AB2DDF90C400F021D7 /* FirebaseAnalyticsWithoutAdIdSupport */,
				908B24AD2DDF90C400F021D7 /* FirebaseAppCheck */,
			);
			productName = "Lab Tracking";
			productReference = 90C4EB2A2DDE7DA7003CE9BF /* Lab Tracking.app */;
			productType = "com.apple.product-type.application";
		};
		90C4EB362DDE7DA8003CE9BF /* Lab TrackingTests */ = {
			isa = PBXNativeTarget;
			buildConfigurationList = 90C4EB4E2DDE7DA8003CE9BF /* Build configuration list for PBXNativeTarget "Lab TrackingTests" */;
			buildPhases = (
				90C4EB332DDE7DA8003CE9BF /* Sources */,
				90C4EB342DDE7DA8003CE9BF /* Frameworks */,
				90C4EB352DDE7DA8003CE9BF /* Resources */,
			);
			buildRules = (
			);
			dependencies = (
				90C4EB392DDE7DA8003CE9BF /* PBXTargetDependency */,
			);
			fileSystemSynchronizedGroups = (
				90C4EB3A2DDE7DA8003CE9BF /* Lab TrackingTests */,
			);
			name = "Lab TrackingTests";
			packageProductDependencies = (
			);
			productName = "Lab TrackingTests";
			productReference = 90C4EB372DDE7DA8003CE9BF /* Lab TrackingTests.xctest */;
			productType = "com.apple.product-type.bundle.unit-test";
		};
		90C4EB402DDE7DA8003CE9BF /* Lab TrackingUITests */ = {
			isa = PBXNativeTarget;
			buildConfigurationList = 90C4EB512DDE7DA8003CE9BF /* Build configuration list for PBXNativeTarget "Lab TrackingUITests" */;
			buildPhases = (
				90C4EB3D2DDE7DA8003CE9BF /* Sources */,
				90C4EB3E2DDE7DA8003CE9BF /* Frameworks */,
				90C4EB3F2DDE7DA8003CE9BF /* Resources */,
			);
			buildRules = (
			);
			dependencies = (
				90C4EB432DDE7DA8003CE9BF /* PBXTargetDependency */,
			);
			fileSystemSynchronizedGroups = (
				90C4EB442DDE7DA8003CE9BF /* Lab TrackingUITests */,
			);
			name = "Lab TrackingUITests";
			packageProductDependencies = (
			);
			productName = "Lab TrackingUITests";
			productReference = 90C4EB412DDE7DA8003CE9BF /* Lab TrackingUITests.xctest */;
			productType = "com.apple.product-type.bundle.ui-testing";
		};
/* End PBXNativeTarget section */

/* Begin PBXProject section */
		90C4EB222DDE7DA7003CE9BF /* Project object */ = {
			isa = PBXProject;
			attributes = {
				BuildIndependentTargetsInParallel = 1;
				LastSwiftUpdateCheck = 1630;
				LastUpgradeCheck = 1630;
				TargetAttributes = {
					90C4EB292DDE7DA7003CE9BF = {
						CreatedOnToolsVersion = 16.3;
					};
					90C4EB362DDE7DA8003CE9BF = {
						CreatedOnToolsVersion = 16.3;
						TestTargetID = 90C4EB292DDE7DA7003CE9BF;
					};
					90C4EB402DDE7DA8003CE9BF = {
						CreatedOnToolsVersion = 16.3;
						TestTargetID = 90C4EB292DDE7DA7003CE9BF;
					};
				};
			};
			buildConfigurationList = 90C4EB252DDE7DA7003CE9BF /* Build configuration list for PBXProject "Lab Tracking" */;
			developmentRegion = en;
			hasScannedForEncodings = 0;
			knownRegions = (
				en,
				Base,
			);
			mainGroup = 90C4EB212DDE7DA7003CE9BF;
			minimizedProjectReferenceProxies = 1;
			packageReferences = (
				908B24A42DDF90C400F021D7 /* XCRemoteSwiftPackageReference "firebase-ios-sdk" */,
			);
			preferredProjectObjectVersion = 77;
			productRefGroup = 90C4EB2B2DDE7DA7003CE9BF /* Products */;
			projectDirPath = "";
			projectRoot = "";
			targets = (
				90C4EB292DDE7DA7003CE9BF /* Lab Tracking */,
				90C4EB362DDE7DA8003CE9BF /* Lab TrackingTests */,
				90C4EB402DDE7DA8003CE9BF /* Lab TrackingUITests */,
			);
		};
/* End PBXProject section */

/* Begin PBXResourcesBuildPhase section */
		90C4EB282DDE7DA7003CE9BF /* Resources */ = {
			isa = PBXResourcesBuildPhase;
			buildActionMask = 2147483647;
			files = (
			);
			runOnlyForDeploymentPostprocessing = 0;
		};
		90C4EB352DDE7DA8003CE9BF /* Resources */ = {
			isa = PBXResourcesBuildPhase;
			buildActionMask = 2147483647;
			files = (
			);
			runOnlyForDeploymentPostprocessing = 0;
		};
		90C4EB3F2DDE7DA8003CE9BF /* Resources */ = {
			isa = PBXResourcesBuildPhase;
			buildActionMask = 2147483647;
			files = (
			);
			runOnlyForDeploymentPostprocessing = 0;
		};
/* End PBXResourcesBuildPhase section */

/* Begin PBXSourcesBuildPhase section */
		90C4EB262DDE7DA7003CE9BF /* Sources */ = {
			isa = PBXSourcesBuildPhase;
			buildActionMask = 2147483647;
			files = (
			);
			runOnlyForDeploymentPostprocessing = 0;
		};
		90C4EB332DDE7DA8003CE9BF /* Sources */ = {
			isa = PBXSourcesBuildPhase;
			buildActionMask = 2147483647;
			files = (
			);
			runOnlyForDeploymentPostprocessing = 0;
		};
		90C4EB3D2DDE7DA8003CE9BF /* Sources */ = {
			isa = PBXSourcesBuildPhase;
			buildActionMask = 2147483647;
			files = (
			);
			runOnlyForDeploymentPostprocessing = 0;
		};
/* End PBXSourcesBuildPhase section */

/* Begin PBXTargetDependency section */
		90C4EB392DDE7DA8003CE9BF /* PBXTargetDependency */ = {
			isa = PBXTargetDependency;
			target = 90C4EB292DDE7DA7003CE9BF /* Lab Tracking */;
			targetProxy = 90C4EB382DDE7DA8003CE9BF /* PBXContainerItemProxy */;
		};
		90C4EB432DDE7DA8003CE9BF /* PBXTargetDependency */ = {
			isa = PBXTargetDependency;
			target = 90C4EB292DDE7DA7003CE9BF /* Lab Tracking */;
			targetProxy = 90C4EB422DDE7DA8003CE9BF /* PBXContainerItemProxy */;
		};
/* End PBXTargetDependency section */

/* Begin XCBuildConfiguration section */
		90C4EB492DDE7DA8003CE9BF /* Debug */ = {
			isa = XCBuildConfiguration;
			buildSettings = {
				ALWAYS_SEARCH_USER_PATHS = NO;
				ASSETCATALOG_COMPILER_GENERATE_SWIFT_ASSET_SYMBOL_EXTENSIONS = YES;
				CLANG_ANALYZER_NONNULL = YES;
				CLANG_ANALYZER_NUMBER_OBJECT_CONVERSION = YES_AGGRESSIVE;
				CLANG_CXX_LANGUAGE_STANDARD = "gnu++20";
				CLANG_ENABLE_MODULES = YES;
				CLANG_ENABLE_OBJC_ARC = YES;
				CLANG_ENABLE_OBJC_WEAK = YES;
				CLANG_WARN_BLOCK_CAPTURE_AUTORELEASING = YES;
				CLANG_WARN_BOOL_CONVERSION = YES;
				CLANG_WARN_COMMA = YES;
				CLANG_WARN_CONSTANT_CONVERSION = YES;
				CLANG_WARN_DEPRECATED_OBJC_IMPLEMENTATIONS = YES;
				CLANG_WARN_DIRECT_OBJC_ISA_USAGE = YES_ERROR;
				CLANG_WARN_DOCUMENTATION_COMMENTS = YES;
				CLANG_WARN_EMPTY_BODY = YES;
				CLANG_WARN_ENUM_CONVERSION = YES;
				CLANG_WARN_INFINITE_RECURSION = YES;
				CLANG_WARN_INT_CONVERSION = YES;
				CLANG_WARN_NON_LITERAL_NULL_CONVERSION = YES;
				CLANG_WARN_OBJC_IMPLICIT_RETAIN_SELF = YES;
				CLANG_WARN_OBJC_LITERAL_CONVERSION = YES;
				CLANG_WARN_OBJC_ROOT_CLASS = YES_ERROR;
				CLANG_WARN_QUOTED_INCLUDE_IN_FRAMEWORK_HEADER = YES;
				CLANG_WARN_RANGE_LOOP_ANALYSIS = YES;
				CLANG_WARN_STRICT_PROTOTYPES = YES;
				CLANG_WARN_SUSPICIOUS_MOVE = YES;
				CLANG_WARN_UNGUARDED_AVAILABILITY = YES_AGGRESSIVE;
				CLANG_WARN_UNREACHABLE_CODE = YES;
				CLANG_WARN__DUPLICATE_METHOD_MATCH = YES;
				COPY_PHASE_STRIP = NO;
				DEBUG_INFORMATION_FORMAT = dwarf;
				ENABLE_STRICT_OBJC_MSGSEND = YES;
				ENABLE_TESTABILITY = YES;
				ENABLE_USER_SCRIPT_SANDBOXING = YES;
				GCC_C_LANGUAGE_STANDARD = gnu17;
				GCC_DYNAMIC_NO_PIC = NO;
				GCC_NO_COMMON_BLOCKS = YES;
				GCC_OPTIMIZATION_LEVEL = 0;
				GCC_PREPROCESSOR_DEFINITIONS = (
					"DEBUG=1",
					"$(inherited)",
				);
				GCC_WARN_64_TO_32_BIT_CONVERSION = YES;
				GCC_WARN_ABOUT_RETURN_TYPE = YES_ERROR;
				GCC_WARN_UNDECLARED_SELECTOR = YES;
				GCC_WARN_UNINITIALIZED_AUTOS = YES_AGGRESSIVE;
				GCC_WARN_UNUSED_FUNCTION = YES;
				GCC_WARN_UNUSED_VARIABLE = YES;
				IPHONEOS_DEPLOYMENT_TARGET = 18.4;
				LOCALIZATION_PREFERS_STRING_CATALOGS = YES;
				MTL_ENABLE_DEBUG_INFO = INCLUDE_SOURCE;
				MTL_FAST_MATH = YES;
				ONLY_ACTIVE_ARCH = YES;
				SDKROOT = iphoneos;
				SWIFT_ACTIVE_COMPILATION_CONDITIONS = "DEBUG $(inherited)";
				SWIFT_OPTIMIZATION_LEVEL = "-Onone";
			};
			name = Debug;
		};
		90C4EB4A2DDE7DA8003CE9BF /* Release */ = {
			isa = XCBuildConfiguration;
			buildSettings = {
				ALWAYS_SEARCH_USER_PATHS = NO;
				ASSETCATALOG_COMPILER_GENERATE_SWIFT_ASSET_SYMBOL_EXTENSIONS = YES;
				CLANG_ANALYZER_NONNULL = YES;
				CLANG_ANALYZER_NUMBER_OBJECT_CONVERSION = YES_AGGRESSIVE;
				CLANG_CXX_LANGUAGE_STANDARD = "gnu++20";
				CLANG_ENABLE_MODULES = YES;
				CLANG_ENABLE_OBJC_ARC = YES;
				CLANG_ENABLE_OBJC_WEAK = YES;
				CLANG_WARN_BLOCK_CAPTURE_AUTORELEASING = YES;
				CLANG_WARN_BOOL_CONVERSION = YES;
				CLANG_WARN_COMMA = YES;
				CLANG_WARN_CONSTANT_CONVERSION = YES;
				CLANG_WARN_DEPRECATED_OBJC_IMPLEMENTATIONS = YES;
				CLANG_WARN_DIRECT_OBJC_ISA_USAGE = YES_ERROR;
				CLANG_WARN_DOCUMENTATION_COMMENTS = YES;
				CLANG_WARN_EMPTY_BODY = YES;
				CLANG_WARN_ENUM_CONVERSION = YES;
				CLANG_WARN_INFINITE_RECURSION = YES;
				CLANG_WARN_INT_CONVERSION = YES;
				CLANG_WARN_NON_LITERAL_NULL_CONVERSION = YES;
				CLANG_WARN_OBJC_IMPLICIT_RETAIN_SELF = YES;
				CLANG_WARN_OBJC_LITERAL_CONVERSION = YES;
				CLANG_WARN_OBJC_ROOT_CLASS = YES_ERROR;
				CLANG_WARN_QUOTED_INCLUDE_IN_FRAMEWORK_HEADER = YES;
				CLANG_WARN_RANGE_LOOP_ANALYSIS = YES;
				CLANG_WARN_STRICT_PROTOTYPES = YES;
				CLANG_WARN_SUSPICIOUS_MOVE = YES;
				CLANG_WARN_UNGUARDED_AVAILABILITY = YES_AGGRESSIVE;
				CLANG_WARN_UNREACHABLE_CODE = YES;
				CLANG_WARN__DUPLICATE_METHOD_MATCH = YES;
				COPY_PHASE_STRIP = NO;
				DEBUG_INFORMATION_FORMAT = "dwarf-with-dsym";
				ENABLE_NS_ASSERTIONS = NO;
				ENABLE_STRICT_OBJC_MSGSEND = YES;
				ENABLE_USER_SCRIPT_SANDBOXING = YES;
				GCC_C_LANGUAGE_STANDARD = gnu17;
				GCC_NO_COMMON_BLOCKS = YES;
				GCC_WARN_64_TO_32_BIT_CONVERSION = YES;
				GCC_WARN_ABOUT_RETURN_TYPE = YES_ERROR;
				GCC_WARN_UNDECLARED_SELECTOR = YES;
				GCC_WARN_UNINITIALIZED_AUTOS = YES_AGGRESSIVE;
				GCC_WARN_UNUSED_FUNCTION = YES;
				GCC_WARN_UNUSED_VARIABLE = YES;
				IPHONEOS_DEPLOYMENT_TARGET = 18.4;
				LOCALIZATION_PREFERS_STRING_CATALOGS = YES;
				MTL_ENABLE_DEBUG_INFO = NO;
				MTL_FAST_MATH = YES;
				SDKROOT = iphoneos;
				SWIFT_COMPILATION_MODE = wholemodule;
				VALIDATE_PRODUCT = YES;
			};
			name = Release;
		};
		90C4EB4C2DDE7DA8003CE9BF /* Debug */ = {
			isa = XCBuildConfiguration;
			buildSettings = {
				ASSETCATALOG_COMPILER_APPICON_NAME = AppIcon;
				ASSETCATALOG_COMPILER_GLOBAL_ACCENT_COLOR_NAME = AccentColor;
				CODE_SIGN_STYLE = Automatic;
				CURRENT_PROJECT_VERSION = 1;
				DEVELOPMENT_TEAM = 26GC6L3RFC;
				ENABLE_PREVIEWS = YES;
				GENERATE_INFOPLIST_FILE = YES;
				INFOPLIST_FILE = "Lab-Tracking-Info.plist";
				INFOPLIST_KEY_UIApplicationSceneManifest_Generation = YES;
				INFOPLIST_KEY_UIApplicationSupportsIndirectInputEvents = YES;
				INFOPLIST_KEY_UILaunchScreen_Generation = YES;
				INFOPLIST_KEY_UISupportedInterfaceOrientations_iPad = "UIInterfaceOrientationPortrait UIInterfaceOrientationPortraitUpsideDown UIInterfaceOrientationLandscapeLeft UIInterfaceOrientationLandscapeRight";
				INFOPLIST_KEY_UISupportedInterfaceOrientations_iPhone = "UIInterfaceOrientationPortrait UIInterfaceOrientationLandscapeLeft UIInterfaceOrientationLandscapeRight";
				LD_RUNPATH_SEARCH_PATHS = (
					"$(inherited)",
					"@executable_path/Frameworks",
				);
				MARKETING_VERSION = 1.0;
				PRODUCT_BUNDLE_IDENTIFIER = "com.hoangvinh.LabTracking.Lab-Tracking";
				PRODUCT_NAME = "$(TARGET_NAME)";
				SWIFT_EMIT_LOC_STRINGS = YES;
				SWIFT_VERSION = 5.0;
				TARGETED_DEVICE_FAMILY = "1,2";
			};
			name = Debug;
		};
		90C4EB4D2DDE7DA8003CE9BF /* Release */ = {
			isa = XCBuildConfiguration;
			buildSettings = {
				ASSETCATALOG_COMPILER_APPICON_NAME = AppIcon;
				ASSETCATALOG_COMPILER_GLOBAL_ACCENT_COLOR_NAME = AccentColor;
				CODE_SIGN_STYLE = Automatic;
				CURRENT_PROJECT_VERSION = 1;
				DEVELOPMENT_TEAM = 26GC6L3RFC;
				ENABLE_PREVIEWS = YES;
				GENERATE_INFOPLIST_FILE = YES;
				INFOPLIST_FILE = "Lab-Tracking-Info.plist";
				INFOPLIST_KEY_UIApplicationSceneManifest_Generation = YES;
				INFOPLIST_KEY_UIApplicationSupportsIndirectInputEvents = YES;
				INFOPLIST_KEY_UILaunchScreen_Generation = YES;
				INFOPLIST_KEY_UISupportedInterfaceOrientations_iPad = "UIInterfaceOrientationPortrait UIInterfaceOrientationPortraitUpsideDown UIInterfaceOrientationLandscapeLeft UIInterfaceOrientationLandscapeRight";
				INFOPLIST_KEY_UISupportedInterfaceOrientations_iPhone = "UIInterfaceOrientationPortrait UIInterfaceOrientationLandscapeLeft UIInterfaceOrientationLandscapeRight";
				LD_RUNPATH_SEARCH_PATHS = (
					"$(inherited)",
					"@executable_path/Frameworks",
				);
				MARKETING_VERSION = 1.0;
				PRODUCT_BUNDLE_IDENTIFIER = "com.hoangvinh.LabTracking.Lab-Tracking";
				PRODUCT_NAME = "$(TARGET_NAME)";
				SWIFT_EMIT_LOC_STRINGS = YES;
				SWIFT_VERSION = 5.0;
				TARGETED_DEVICE_FAMILY = "1,2";
			};
			name = Release;
		};
		90C4EB4F2DDE7DA8003CE9BF /* Debug */ = {
			isa = XCBuildConfiguration;
			buildSettings = {
				BUNDLE_LOADER = "$(TEST_HOST)";
				CODE_SIGN_STYLE = Automatic;
				CURRENT_PROJECT_VERSION = 1;
				GENERATE_INFOPLIST_FILE = YES;
				IPHONEOS_DEPLOYMENT_TARGET = 18.4;
				MARKETING_VERSION = 1.0;
				PRODUCT_BUNDLE_IDENTIFIER = "com.hoangvinh.LabTracking.Lab-TrackingTests";
				PRODUCT_NAME = "$(TARGET_NAME)";
				SWIFT_EMIT_LOC_STRINGS = NO;
				SWIFT_VERSION = 5.0;
				TARGETED_DEVICE_FAMILY = "1,2";
				TEST_HOST = "$(BUILT_PRODUCTS_DIR)/Lab Tracking.app/$(BUNDLE_EXECUTABLE_FOLDER_PATH)/Lab Tracking";
			};
			name = Debug;
		};
		90C4EB502DDE7DA8003CE9BF /* Release */ = {
			isa = XCBuildConfiguration;
			buildSettings = {
				BUNDLE_LOADER = "$(TEST_HOST)";
				CODE_SIGN_STYLE = Automatic;
				CURRENT_PROJECT_VERSION = 1;
				GENERATE_INFOPLIST_FILE = YES;
				IPHONEOS_DEPLOYMENT_TARGET = 18.4;
				MARKETING_VERSION = 1.0;
				PRODUCT_BUNDLE_IDENTIFIER = "com.hoangvinh.LabTracking.Lab-TrackingTests";
				PRODUCT_NAME = "$(TARGET_NAME)";
				SWIFT_EMIT_LOC_STRINGS = NO;
				SWIFT_VERSION = 5.0;
				TARGETED_DEVICE_FAMILY = "1,2";
				TEST_HOST = "$(BUILT_PRODUCTS_DIR)/Lab Tracking.app/$(BUNDLE_EXECUTABLE_FOLDER_PATH)/Lab Tracking";
			};
			name = Release;
		};
		90C4EB522DDE7DA8003CE9BF /* Debug */ = {
			isa = XCBuildConfiguration;
			buildSettings = {
				CODE_SIGN_STYLE = Automatic;
				CURRENT_PROJECT_VERSION = 1;
				GENERATE_INFOPLIST_FILE = YES;
				MARKETING_VERSION = 1.0;
				PRODUCT_BUNDLE_IDENTIFIER = "com.hoangvinh.LabTracking.Lab-TrackingUITests";
				PRODUCT_NAME = "$(TARGET_NAME)";
				SWIFT_EMIT_LOC_STRINGS = NO;
				SWIFT_VERSION = 5.0;
				TARGETED_DEVICE_FAMILY = "1,2";
				TEST_TARGET_NAME = "Lab Tracking";
			};
			name = Debug;
		};
		90C4EB532DDE7DA8003CE9BF /* Release */ = {
			isa = XCBuildConfiguration;
			buildSettings = {
				CODE_SIGN_STYLE = Automatic;
				CURRENT_PROJECT_VERSION = 1;
				GENERATE_INFOPLIST_FILE = YES;
				MARKETING_VERSION = 1.0;
				PRODUCT_BUNDLE_IDENTIFIER = "com.hoangvinh.LabTracking.Lab-TrackingUITests";
				PRODUCT_NAME = "$(TARGET_NAME)";
				SWIFT_EMIT_LOC_STRINGS = NO;
				SWIFT_VERSION = 5.0;
				TARGETED_DEVICE_FAMILY = "1,2";
				TEST_TARGET_NAME = "Lab Tracking";
			};
			name = Release;
		};
/* End XCBuildConfiguration section */

/* Begin XCConfigurationList section */
		90C4EB252DDE7DA7003CE9BF /* Build configuration list for PBXProject "Lab Tracking" */ = {
			isa = XCConfigurationList;
			buildConfigurations = (
				90C4EB492DDE7DA8003CE9BF /* Debug */,
				90C4EB4A2DDE7DA8003CE9BF /* Release */,
			);
			defaultConfigurationIsVisible = 0;
			defaultConfigurationName = Release;
		};
		90C4EB4B2DDE7DA8003CE9BF /* Build configuration list for PBXNativeTarget "Lab Tracking" */ = {
			isa = XCConfigurationList;
			buildConfigurations = (
				90C4EB4C2DDE7DA8003CE9BF /* Debug */,
				90C4EB4D2DDE7DA8003CE9BF /* Release */,
			);
			defaultConfigurationIsVisible = 0;
			defaultConfigurationName = Release;
		};
		90C4EB4E2DDE7DA8003CE9BF /* Build configuration list for PBXNativeTarget "Lab TrackingTests" */ = {
			isa = XCConfigurationList;
			buildConfigurations = (
				90C4EB4F2DDE7DA8003CE9BF /* Debug */,
				90C4EB502DDE7DA8003CE9BF /* Release */,
			);
			defaultConfigurationIsVisible = 0;
			defaultConfigurationName = Release;
		};
		90C4EB512DDE7DA8003CE9BF /* Build configuration list for PBXNativeTarget "Lab TrackingUITests" */ = {
			isa = XCConfigurationList;
			buildConfigurations = (
				90C4EB522DDE7DA8003CE9BF /* Debug */,
				90C4EB532DDE7DA8003CE9BF /* Release */,
			);
			defaultConfigurationIsVisible = 0;
			defaultConfigurationName = Release;
		};
/* End XCConfigurationList section */

/* Begin XCRemoteSwiftPackageReference section */
		908B24A42DDF90C400F021D7 /* XCRemoteSwiftPackageReference "firebase-ios-sdk" */ = {
			isa = XCRemoteSwiftPackageReference;
			repositoryURL = "https://github.com/firebase/firebase-ios-sdk";
			requirement = {
				kind = upToNextMajorVersion;
				minimumVersion = 11.13.0;
			};
		};
/* End XCRemoteSwiftPackageReference section */

/* Begin XCSwiftPackageProductDependency section */
		908B24A52DDF90C400F021D7 /* FirebaseAI */ = {
			isa = XCSwiftPackageProductDependency;
			package = 908B24A42DDF90C400F021D7 /* XCRemoteSwiftPackageReference "firebase-ios-sdk" */;
			productName = FirebaseAI;
		};
		908B24A72DDF90C400F021D7 /* FirebaseAnalytics */ = {
			isa = XCSwiftPackageProductDependency;
			package = 908B24A42DDF90C400F021D7 /* XCRemoteSwiftPackageReference "firebase-ios-sdk" */;
			productName = FirebaseAnalytics;
		};
		908B24A92DDF90C400F021D7 /* FirebaseAnalyticsOnDeviceConversion */ = {
			isa = XCSwiftPackageProductDependency;
			package = 908B24A42DDF90C400F021D7 /* XCRemoteSwiftPackageReference "firebase-ios-sdk" */;
			productName = FirebaseAnalyticsOnDeviceConversion;
		};
		908B24AB2DDF90C400F021D7 /* FirebaseAnalyticsWithoutAdIdSupport */ = {
			isa = XCSwiftPackageProductDependency;
			package = 908B24A42DDF90C400F021D7 /* XCRemoteSwiftPackageReference "firebase-ios-sdk" */;
			productName = FirebaseAnalyticsWithoutAdIdSupport;
		};
		908B24AD2DDF90C400F021D7 /* FirebaseAppCheck */ = {
			isa = XCSwiftPackageProductDependency;
			package = 908B24A42DDF90C400F021D7 /* XCRemoteSwiftPackageReference "firebase-ios-sdk" */;
			productName = FirebaseAppCheck;
		};
/* End XCSwiftPackageProductDependency section */
	};
	rootObject = 90C4EB222DDE7DA7003CE9BF /* Project object */;
}
